
Microsoft Visual Studio Solution File, Format Version 12.00
# Visual Studio Version 17
VisualStudioVersion = 17.8.34330.188
MinimumVisualStudioVersion = 10.0.40219.1
Project("{FAE04EC0-301F-11D3-BF4B-00C04F79EFBC}") = "PDFScaler", "PDFScaler\PDFScaler.csproj", "{4659C31B-1CCA-45D6-A47B-431A317D1706}"
EndProject
Project("{FAE04EC0-301F-11D3-BF4B-00C04F79EFBC}") = "PDFScaler.NET", "PDFScaler.NET\PDFScaler.NET.csproj", "{D65E9199-4B25-4ADC-A5FF-7ACEF6AD4199}"
EndProject
Project("{FAE04EC0-301F-11D3-BF4B-00C04F79EFBC}") = "PDFUnisci", "PDFUnisci\PDFUnisci.csproj", "{D6900F1E-7911-46B7-A2CF-F9C3D27CFD96}"
EndProject
Project("{FAE04EC0-301F-11D3-BF4B-00C04F79EFBC}") = "PdfExt", "PdfExt\PdfExt.csproj", "{51C6EBD6-3C9C-470D-9B55-988533B029F7}"
EndProject
Global
	GlobalSection(SolutionConfigurationPlatforms) = preSolution
		Debug|Any CPU = Debug|Any CPU
		Release|Any CPU = Release|Any CPU
	EndGlobalSection
	GlobalSection(ProjectConfigurationPlatforms) = postSolution
		{4659C31B-1CCA-45D6-A47B-431A317D1706}.Debug|Any CPU.ActiveCfg = Debug|Any CPU
		{4659C31B-1CCA-45D6-A47B-431A317D1706}.Debug|Any CPU.Build.0 = Debug|Any CPU
		{4659C31B-1CCA-45D6-A47B-431A317D1706}.Release|Any CPU.ActiveCfg = Release|Any CPU
		{4659C31B-1CCA-45D6-A47B-431A317D1706}.Release|Any CPU.Build.0 = Release|Any CPU
		{D65E9199-4B25-4ADC-A5FF-7ACEF6AD4199}.Debug|Any CPU.ActiveCfg = Debug|Any CPU
		{D65E9199-4B25-4ADC-A5FF-7ACEF6AD4199}.Debug|Any CPU.Build.0 = Debug|Any CPU
		{D65E9199-4B25-4ADC-A5FF-7ACEF6AD4199}.Release|Any CPU.ActiveCfg = Release|Any CPU
		{D65E9199-4B25-4ADC-A5FF-7ACEF6AD4199}.Release|Any CPU.Build.0 = Release|Any CPU
		{D6900F1E-7911-46B7-A2CF-F9C3D27CFD96}.Debug|Any CPU.ActiveCfg = Debug|Any CPU
		{D6900F1E-7911-46B7-A2CF-F9C3D27CFD96}.Debug|Any CPU.Build.0 = Debug|Any CPU
		{D6900F1E-7911-46B7-A2CF-F9C3D27CFD96}.Release|Any CPU.ActiveCfg = Release|Any CPU
		{D6900F1E-7911-46B7-A2CF-F9C3D27CFD96}.Release|Any CPU.Build.0 = Release|Any CPU
		{51C6EBD6-3C9C-470D-9B55-988533B029F7}.Debug|Any CPU.ActiveCfg = Debug|Any CPU
		{51C6EBD6-3C9C-470D-9B55-988533B029F7}.Debug|Any CPU.Build.0 = Debug|Any CPU
		{51C6EBD6-3C9C-470D-9B55-988533B029F7}.Release|Any CPU.ActiveCfg = Release|Any CPU
		{51C6EBD6-3C9C-470D-9B55-988533B029F7}.Release|Any CPU.Build.0 = Release|Any CPU
	EndGlobalSection
	GlobalSection(SolutionProperties) = preSolution
		HideSolutionNode = FALSE
	EndGlobalSection
	GlobalSection(ExtensibilityGlobals) = postSolution
		SolutionGuid = {A9571ABF-7186-413D-8B41-13FAC700EF58}
	EndGlobalSection
EndGlobal
